
Microsoft Visual Studio Solution File, Format Version 12.00
# Visual Studio Version 17
VisualStudioVersion = 17.9.34701.34
MinimumVisualStudioVersion = 10.0.40219.1
Project("{9A19103F-16F7-4668-BE54-9A1E7A4F7556}") = "MyWebApi", "MyWebApi.csproj", "{EB78457F-4BE7-4061-98BF-86BD4AC525AD}"
EndProject
Global
	GlobalSection(SolutionConfigurationPlatforms) = preSolution
		Debug|Any CPU = Debug|Any CPU
		Release|Any CPU = Release|Any CPU
	EndGlobalSection
	GlobalSection(ProjectConfigurationPlatforms) = postSolution
		{EB78457F-4BE7-4061-98BF-86BD4AC525AD}.Debug|Any CPU.ActiveCfg = Debug|Any CPU
		{EB78457F-4BE7-4061-98BF-86BD4AC525AD}.Debug|Any CPU.Build.0 = Debug|Any CPU
		{EB78457F-4BE7-4061-98BF-86BD4AC525AD}.Release|Any CPU.ActiveCfg = Release|Any CPU
		{EB78457F-4BE7-4061-98BF-86BD4AC525AD}.Release|Any CPU.Build.0 = Release|Any CPU
	EndGlobalSection
	GlobalSection(SolutionProperties) = preSolution
		HideSolutionNode = FALSE
	EndGlobalSection
	GlobalSection(ExtensibilityGlobals) = postSolution
		SolutionGuid = {8401391C-851C-4D99-B31F-DDD5115D60DE}
	EndGlobalSection
EndGlobal
